
Microsoft Visual Studio Solution File, Format Version 12.00
# Visual Studio Version 17
VisualStudioVersion = 17.7.34202.233
MinimumVisualStudioVersion = 10.0.40219.1
Project("{FAE04EC0-301F-11D3-BF4B-00C04F79EFBC}") = "Final", "Final\Final.csproj", "{042CEDA5-06B3-4056-A351-2D6B4B0B553D}"
EndProject
Global
	GlobalSection(SolutionConfigurationPlatforms) = preSolution
		Debug|Any CPU = Debug|Any CPU
		Release|Any CPU = Release|Any CPU
	EndGlobalSection
	GlobalSection(ProjectConfigurationPlatforms) = postSolution
		{042CEDA5-06B3-4056-A351-2D6B4B0B553D}.Debug|Any CPU.ActiveCfg = Debug|Any CPU
		{042CEDA5-06B3-4056-A351-2D6B4B0B553D}.Debug|Any CPU.Build.0 = Debug|Any CPU
		{042CEDA5-06B3-4056-A351-2D6B4B0B553D}.Release|Any CPU.ActiveCfg = Release|Any CPU
		{042CEDA5-06B3-4056-A351-2D6B4B0B553D}.Release|Any CPU.Build.0 = Release|Any CPU
	EndGlobalSection
	GlobalSection(SolutionProperties) = preSolution
		HideSolutionNode = FALSE
	EndGlobalSection
	GlobalSection(ExtensibilityGlobals) = postSolution
		SolutionGuid = {C382BFB6-6DB8-444B-BD27-D217ED49DF04}
	EndGlobalSection
EndGlobal
